
Microsoft Visual Studio Solution File, Format Version 12.00
# Visual Studio Version 17
VisualStudioVersion = 17.11.35222.181
MinimumVisualStudioVersion = 10.0.40219.1
Project("{FAE04EC0-301F-11D3-BF4B-00C04F79EFBC}") = "test2", "test2\test2.csproj", "{369AE38F-0015-44F9-975E-16E1CBCC3DAB}"
EndProject
Global
	GlobalSection(SolutionConfigurationPlatforms) = preSolution
		Debug|Any CPU = Debug|Any CPU
		Release|Any CPU = Release|Any CPU
	EndGlobalSection
	GlobalSection(ProjectConfigurationPlatforms) = postSolution
		{369AE38F-0015-44F9-975E-16E1CBCC3DAB}.Debug|Any CPU.ActiveCfg = Debug|Any CPU
		{369AE38F-0015-44F9-975E-16E1CBCC3DAB}.Debug|Any CPU.Build.0 = Debug|Any CPU
		{369AE38F-0015-44F9-975E-16E1CBCC3DAB}.Release|Any CPU.ActiveCfg = Release|Any CPU
		{369AE38F-0015-44F9-975E-16E1CBCC3DAB}.Release|Any CPU.Build.0 = Release|Any CPU
	EndGlobalSection
	GlobalSection(SolutionProperties) = preSolution
		HideSolutionNode = FALSE
	EndGlobalSection
	GlobalSection(ExtensibilityGlobals) = postSolution
		SolutionGuid = {B4C8C840-0B6B-4ED7-8EF5-F1B7FACFAD22}
	EndGlobalSection
EndGlobal
